
Microsoft Visual Studio Solution File, Format Version 12.00
# Visual Studio Version 17
VisualStudioVersion = 17.14.36203.30 d17.14
MinimumVisualStudioVersion = 10.0.40219.1
Project("{FAE04EC0-301F-11D3-BF4B-00C04F79EFBC}") = "UserService", "UserService\UserService.csproj", "{3680EEF0-2CA6-4315-9323-64698CC77D1C}"
EndProject
Global
	GlobalSection(SolutionConfigurationPlatforms) = preSolution
		Debug|Any CPU = Debug|Any CPU
		Release|Any CPU = Release|Any CPU
	EndGlobalSection
	GlobalSection(ProjectConfigurationPlatforms) = postSolution
		{3680EEF0-2CA6-4315-9323-64698CC77D1C}.Debug|Any CPU.ActiveCfg = Debug|Any CPU
		{3680EEF0-2CA6-4315-9323-64698CC77D1C}.Debug|Any CPU.Build.0 = Debug|Any CPU
		{3680EEF0-2CA6-4315-9323-64698CC77D1C}.Release|Any CPU.ActiveCfg = Release|Any CPU
		{3680EEF0-2CA6-4315-9323-64698CC77D1C}.Release|Any CPU.Build.0 = Release|Any CPU
	EndGlobalSection
	GlobalSection(SolutionProperties) = preSolution
		HideSolutionNode = FALSE
	EndGlobalSection
	GlobalSection(ExtensibilityGlobals) = postSolution
		SolutionGuid = {7B94C476-2B94-4A53-8CA4-CEE82FEB6AE4}
	EndGlobalSection
EndGlobal
